
Microsoft Visual Studio Solution File, Format Version 10.00
# Visual Studio 2008
Project("{FAE04EC0-301F-11D3-BF4B-00C04F79EFBC}") = "TableViewSample", "TableViewSample\TableViewSample.csproj", "{54AB08D3-10B1-470B-8692-1E91D89483DA}"
EndProject
Global
	GlobalSection(SolutionConfigurationPlatforms) = preSolution
		Debug|iPhoneSimulator = Debug|iPhoneSimulator
		Release|iPhoneSimulator = Release|iPhoneSimulator
		Debug|iPhone = Debug|iPhone
		Release|iPhone = Release|iPhone
	EndGlobalSection
	GlobalSection(ProjectConfigurationPlatforms) = postSolution
		{54AB08D3-10B1-470B-8692-1E91D89483DA}.Debug|iPhone.ActiveCfg = Debug|iPhone
		{54AB08D3-10B1-470B-8692-1E91D89483DA}.Debug|iPhone.Build.0 = Debug|iPhone
		{54AB08D3-10B1-470B-8692-1E91D89483DA}.Debug|iPhoneSimulator.ActiveCfg = Debug|iPhoneSimulator
		{54AB08D3-10B1-470B-8692-1E91D89483DA}.Debug|iPhoneSimulator.Build.0 = Debug|iPhoneSimulator
		{54AB08D3-10B1-470B-8692-1E91D89483DA}.Release|iPhone.ActiveCfg = Release|iPhone
		{54AB08D3-10B1-470B-8692-1E91D89483DA}.Release|iPhone.Build.0 = Release|iPhone
		{54AB08D3-10B1-470B-8692-1E91D89483DA}.Release|iPhoneSimulator.ActiveCfg = Release|iPhoneSimulator
		{54AB08D3-10B1-470B-8692-1E91D89483DA}.Release|iPhoneSimulator.Build.0 = Release|iPhoneSimulator
	EndGlobalSection
	GlobalSection(MonoDevelopProperties) = preSolution
		StartupItem = TableViewSample\TableViewSample.csproj
	EndGlobalSection
EndGlobal
