
Microsoft Visual Studio Solution File, Format Version 10.00
# Visual Studio 2008
Project("{FAE04EC0-301F-11D3-BF4B-00C04F79EFBC}") = "TabControllerSample", "TabControllerSample\TabControllerSample.csproj", "{D1196772-3AFB-4D93-ACFE-6FDFD47D814E}"
EndProject
Global
	GlobalSection(SolutionConfigurationPlatforms) = preSolution
		Debug|iPhoneSimulator = Debug|iPhoneSimulator
		Release|iPhoneSimulator = Release|iPhoneSimulator
		Debug|iPhone = Debug|iPhone
		Release|iPhone = Release|iPhone
	EndGlobalSection
	GlobalSection(ProjectConfigurationPlatforms) = postSolution
		{D1196772-3AFB-4D93-ACFE-6FDFD47D814E}.Debug|iPhone.ActiveCfg = Debug|iPhone
		{D1196772-3AFB-4D93-ACFE-6FDFD47D814E}.Debug|iPhone.Build.0 = Debug|iPhone
		{D1196772-3AFB-4D93-ACFE-6FDFD47D814E}.Debug|iPhoneSimulator.ActiveCfg = Debug|iPhoneSimulator
		{D1196772-3AFB-4D93-ACFE-6FDFD47D814E}.Debug|iPhoneSimulator.Build.0 = Debug|iPhoneSimulator
		{D1196772-3AFB-4D93-ACFE-6FDFD47D814E}.Release|iPhone.ActiveCfg = Release|iPhone
		{D1196772-3AFB-4D93-ACFE-6FDFD47D814E}.Release|iPhone.Build.0 = Release|iPhone
		{D1196772-3AFB-4D93-ACFE-6FDFD47D814E}.Release|iPhoneSimulator.ActiveCfg = Release|iPhoneSimulator
		{D1196772-3AFB-4D93-ACFE-6FDFD47D814E}.Release|iPhoneSimulator.Build.0 = Release|iPhoneSimulator
	EndGlobalSection
	GlobalSection(MonoDevelopProperties) = preSolution
		StartupItem = TabControllerSample\TabControllerSample.csproj
	EndGlobalSection
EndGlobal
